
Microsoft Visual Studio Solution File, Format Version 12.00
# Visual Studio Version 16
VisualStudioVersion = 16.0.34601.136
MinimumVisualStudioVersion = 10.0.40219.1
Project("{FAE04EC0-301F-11D3-BF4B-00C04F79EFBC}") = "Come334-Project", "Come334-Project.csproj", "{6BDA14B5-9520-40AF-B21D-3E8FD2A1068A}"
EndProject
Global
	GlobalSection(SolutionConfigurationPlatforms) = preSolution
		Debug|Any CPU = Debug|Any CPU
		Release|Any CPU = Release|Any CPU
	EndGlobalSection
	GlobalSection(ProjectConfigurationPlatforms) = postSolution
		{6BDA14B5-9520-40AF-B21D-3E8FD2A1068A}.Debug|Any CPU.ActiveCfg = Debug|Any CPU
		{6BDA14B5-9520-40AF-B21D-3E8FD2A1068A}.Debug|Any CPU.Build.0 = Debug|Any CPU
		{6BDA14B5-9520-40AF-B21D-3E8FD2A1068A}.Release|Any CPU.ActiveCfg = Release|Any CPU
		{6BDA14B5-9520-40AF-B21D-3E8FD2A1068A}.Release|Any CPU.Build.0 = Release|Any CPU
	EndGlobalSection
	GlobalSection(SolutionProperties) = preSolution
		HideSolutionNode = FALSE
	EndGlobalSection
	GlobalSection(ExtensibilityGlobals) = postSolution
		SolutionGuid = {AC0C4702-C014-4E11-BDC7-62707F54E1BC}
	EndGlobalSection
EndGlobal
